{
  "name": "jvm-nodejs",
  "version": "1.0.0",
  "lockfileVersion": 3,
  "requires": true,
  "packages": {
    "": {
      "name": "jvm-nodejs",
      "version": "1.0.0",
      "license": "ISC",
      "dependencies": {
        "adm-zip": "^0.5.10",
        "commander": "^11.0.0",
        "fnv-plus": "^1.3.1",
        "string-format": "^2.0.0"
      }
    },
    "node_modules/adm-zip": {
      "version": "0.5.10",
      "resolved": "https://registry.npmmirror.com/adm-zip/-/adm-zip-0.5.10.tgz",
      "integrity": "sha512-x0HvcHqVJNTPk/Bw8JbLWlWoo6Wwnsug0fnYYro1HBrjxZ3G7/AZk7Ahv8JwDe1uIcz8eBqvu86FuF1POiG7vQ==",
      "engines": {
        "node": ">=6.0"
      }
    },
    "node_modules/commander": {
      "version": "11.0.0",
      "resolved": "https://registry.npmmirror.com/commander/-/commander-11.0.0.tgz",
      "integrity": "sha512-9HMlXtt/BNoYr8ooyjjNRdIilOTkVJXB+GhxMTtOKwk0R4j4lS4NpjuqmRxroBfnfTSHQIHQB7wryHhXarNjmQ==",
      "engines": {
        "node": ">=16"
      }
    },
    "node_modules/fnv-plus": {
      "version": "1.3.1",
      "resolved": "https://registry.npmmirror.com/fnv-plus/-/fnv-plus-1.3.1.tgz",
      "integrity": "sha512-Gz1EvfOneuFfk4yG458dJ3TLJ7gV19q3OM/vVvvHf7eT02Hm1DleB4edsia6ahbKgAYxO9gvyQ1ioWZR+a00Yw=="
    },
    "node_modules/string-format": {
      "version": "2.0.0",
      "resolved": "https://registry.npmmirror.com/string-format/-/string-format-2.0.0.tgz",
      "integrity": "sha512-bbEs3scLeYNXLecRRuk6uJxdXUSj6le/8rNPHChIJTn2V79aXVTR1EH2OH5zLKKoz0V02fOUKZZcw01pLUShZA=="
    }
  }
}
