{
  "name": "JVMByNodeJS",
  "version": "1.0.0",
  "lockfileVersion": 1,
  "requires": true,
  "dependencies": {
    "adm-zip": {
      "version": "0.4.13",
      "resolved": "http://r.cnpmjs.org/adm-zip/download/adm-zip-0.4.13.tgz",
      "integrity": "sha1-WX4vjMNnIVHhMH0+lc3bx1ZyMUo="
    },
    "commander": {
      "version": "3.0.2",
      "resolved": "http://r.cnpmjs.org/commander/download/commander-3.0.2.tgz",
      "integrity": "sha1-aDfD+2d62ZM9HPukLdFNURfWs54="
    },
    "inherits": {
      "version": "2.0.3",
      "resolved": "http://r.cnpmjs.org/inherits/download/inherits-2.0.3.tgz",
      "integrity": "sha1-Yzwsg+PaQqUC9SRmAiSA9CCCYd4="
    },
    "path": {
      "version": "0.12.7",
      "resolved": "http://r.cnpmjs.org/path/download/path-0.12.7.tgz",
      "integrity": "sha1-1NwqUGxM4hl+tIHr/NWzbAFAsQ8=",
      "requires": {
        "process": "^0.11.1",
        "util": "^0.10.3"
      }
    },
    "process": {
      "version": "0.11.10",
      "resolved": "http://r.cnpmjs.org/process/download/process-0.11.10.tgz",
      "integrity": "sha1-czIwDoQBYb2j5podHZGn1LwW8YI="
    },
    "string-format": {
      "version": "2.0.0",
      "resolved": "http://r.cnpmjs.org/string-format/download/string-format-2.0.0.tgz",
      "integrity": "sha1-8t8ucJdEDTtl3jG21A1UyW6v+5s="
    },
    "util": {
      "version": "0.10.4",
      "resolved": "http://r.cnpmjs.org/util/download/util-0.10.4.tgz",
      "integrity": "sha1-OqASW/5mikZy3liFfTrOJ+y3aQE=",
      "requires": {
        "inherits": "2.0.3"
      }
    }
  }
}
